
Microsoft Visual Studio Solution File, Format Version 12.00
# Visual Studio Version 17
VisualStudioVersion = 17.14.36414.22
MinimumVisualStudioVersion = 10.0.40219.1
Project("{FAE04EC0-301F-11D3-BF4B-00C04F79EFBC}") = "Maliev.ContactService.Api", "Maliev.ContactService.Api\Maliev.ContactService.Api.csproj", "{39036AB1-86BC-4921-8760-F4292479032E}"
EndProject
Project("{FAE04EC0-301F-11D3-BF4B-00C04F79EFBC}") = "Maliev.ContactService.Data", "Maliev.ContactService.Data\Maliev.ContactService.Data.csproj", "{C88B8A85-AD52-4016-A189-7A46AC5C9EBD}"
EndProject
Project("{FAE04EC0-301F-11D3-BF4B-00C04F79EFBC}") = "Maliev.ContactService.Tests", "Maliev.ContactService.Tests\Maliev.ContactService.Tests.csproj", "{655B5034-7FF3-4420-8AD6-0830794E59B0}"
EndProject
Global
	GlobalSection(SolutionConfigurationPlatforms) = preSolution
		Debug|Any CPU = Debug|Any CPU
		Debug|x64 = Debug|x64
		Debug|x86 = Debug|x86
		Release|Any CPU = Release|Any CPU
		Release|x64 = Release|x64
		Release|x86 = Release|x86
	EndGlobalSection
	GlobalSection(ProjectConfigurationPlatforms) = postSolution
		{39036AB1-86BC-4921-8760-F4292479032E}.Debug|Any CPU.ActiveCfg = Debug|Any CPU
		{39036AB1-86BC-4921-8760-F4292479032E}.Debug|Any CPU.Build.0 = Debug|Any CPU
		{39036AB1-86BC-4921-8760-F4292479032E}.Debug|x64.ActiveCfg = Debug|Any CPU
		{39036AB1-86BC-4921-8760-F4292479032E}.Debug|x64.Build.0 = Debug|Any CPU
		{39036AB1-86BC-4921-8760-F4292479032E}.Debug|x86.ActiveCfg = Debug|Any CPU
		{39036AB1-86BC-4921-8760-F4292479032E}.Debug|x86.Build.0 = Debug|Any CPU
		{39036AB1-86BC-4921-8760-F4292479032E}.Release|Any CPU.ActiveCfg = Release|Any CPU
		{39036AB1-86BC-4921-8760-F4292479032E}.Release|Any CPU.Build.0 = Release|Any CPU
		{39036AB1-86BC-4921-8760-F4292479032E}.Release|x64.ActiveCfg = Release|Any CPU
		{39036AB1-86BC-4921-8760-F4292479032E}.Release|x64.Build.0 = Release|Any CPU
		{39036AB1-86BC-4921-8760-F4292479032E}.Release|x86.ActiveCfg = Release|Any CPU
		{39036AB1-86BC-4921-8760-F4292479032E}.Release|x86.Build.0 = Release|Any CPU
		{C88B8A85-AD52-4016-A189-7A46AC5C9EBD}.Debug|Any CPU.ActiveCfg = Debug|Any CPU
		{C88B8A85-AD52-4016-A189-7A46AC5C9EBD}.Debug|Any CPU.Build.0 = Debug|Any CPU
		{C88B8A85-AD52-4016-A189-7A46AC5C9EBD}.Debug|x64.ActiveCfg = Debug|Any CPU
		{C88B8A85-AD52-4016-A189-7A46AC5C9EBD}.Debug|x64.Build.0 = Debug|Any CPU
		{C88B8A85-AD52-4016-A189-7A46AC5C9EBD}.Debug|x86.ActiveCfg = Debug|Any CPU
		{C88B8A85-AD52-4016-A189-7A46AC5C9EBD}.Debug|x86.Build.0 = Debug|Any CPU
		{C88B8A85-AD52-4016-A189-7A46AC5C9EBD}.Release|Any CPU.ActiveCfg = Release|Any CPU
		{C88B8A85-AD52-4016-A189-7A46AC5C9EBD}.Release|Any CPU.Build.0 = Release|Any CPU
		{C88B8A85-AD52-4016-A189-7A46AC5C9EBD}.Release|x64.ActiveCfg = Release|Any CPU
		{C88B8A85-AD52-4016-A189-7A46AC5C9EBD}.Release|x64.Build.0 = Release|Any CPU
		{C88B8A85-AD52-4016-A189-7A46AC5C9EBD}.Release|x86.ActiveCfg = Release|Any CPU
		{C88B8A85-AD52-4016-A189-7A46AC5C9EBD}.Release|x86.Build.0 = Release|Any CPU
		{655B5034-7FF3-4420-8AD6-0830794E59B0}.Debug|Any CPU.ActiveCfg = Debug|Any CPU
		{655B5034-7FF3-4420-8AD6-0830794E59B0}.Debug|Any CPU.Build.0 = Debug|Any CPU
		{655B5034-7FF3-4420-8AD6-0830794E59B0}.Debug|x64.ActiveCfg = Debug|Any CPU
		{655B5034-7FF3-4420-8AD6-0830794E59B0}.Debug|x64.Build.0 = Debug|Any CPU
		{655B5034-7FF3-4420-8AD6-0830794E59B0}.Debug|x86.ActiveCfg = Debug|Any CPU
		{655B5034-7FF3-4420-8AD6-0830794E59B0}.Debug|x86.Build.0 = Debug|Any CPU
		{655B5034-7FF3-4420-8AD6-0830794E59B0}.Release|Any CPU.ActiveCfg = Release|Any CPU
		{655B5034-7FF3-4420-8AD6-0830794E59B0}.Release|Any CPU.Build.0 = Release|Any CPU
		{655B5034-7FF3-4420-8AD6-0830794E59B0}.Release|x64.ActiveCfg = Release|Any CPU
		{655B5034-7FF3-4420-8AD6-0830794E59B0}.Release|x64.Build.0 = Release|Any CPU
		{655B5034-7FF3-4420-8AD6-0830794E59B0}.Release|x86.ActiveCfg = Release|Any CPU
		{655B5034-7FF3-4420-8AD6-0830794E59B0}.Release|x86.Build.0 = Release|Any CPU
	EndGlobalSection
	GlobalSection(SolutionProperties) = preSolution
		HideSolutionNode = FALSE
	EndGlobalSection
	GlobalSection(ExtensibilityGlobals) = postSolution
		SolutionGuid = {7A8952CD-AD2A-455B-A177-060AB615A52B}
	EndGlobalSection
EndGlobal
